
Microsoft Visual Studio Solution File, Format Version 12.00
# Visual Studio Version 17
VisualStudioVersion = 17.3.32922.545
MinimumVisualStudioVersion = 10.0.40219.1
Project("{2150E333-8FDC-42A3-9474-1A3956D46DE8}") = "src", "src", "{D4EB7686-EAEA-4321-8650-7AC2EFEAE195}"
EndProject
Project("{9A19103F-16F7-4668-BE54-9A1E7A4F7556}") = "PatchHub.UI", "src\PatchHub.UI\PatchHub.UI.csproj", "{E1F7CCA5-545B-4B6C-B7AD-7D09074A86C3}"
EndProject
Project("{9A19103F-16F7-4668-BE54-9A1E7A4F7556}") = "PatchHub.Infrastructure", "src\PatchHub.Infrastructure\PatchHub.Infrastructure.csproj", "{43376C43-C858-4441-B487-A6B1C79B1451}"
EndProject
Project("{FAE04EC0-301F-11D3-BF4B-00C04F79EFBC}") = "PatchHub.Parsers", "src\PatchHub.Parsers\PatchHub.Parsers.csproj", "{D611A662-225C-40DD-9D67-80BBFE115CF1}"
EndProject
Global
	GlobalSection(SolutionConfigurationPlatforms) = preSolution
		Debug|Any CPU = Debug|Any CPU
		Release|Any CPU = Release|Any CPU
	EndGlobalSection
	GlobalSection(ProjectConfigurationPlatforms) = postSolution
		{E1F7CCA5-545B-4B6C-B7AD-7D09074A86C3}.Debug|Any CPU.ActiveCfg = Debug|Any CPU
		{E1F7CCA5-545B-4B6C-B7AD-7D09074A86C3}.Debug|Any CPU.Build.0 = Debug|Any CPU
		{E1F7CCA5-545B-4B6C-B7AD-7D09074A86C3}.Release|Any CPU.ActiveCfg = Release|Any CPU
		{E1F7CCA5-545B-4B6C-B7AD-7D09074A86C3}.Release|Any CPU.Build.0 = Release|Any CPU
		{43376C43-C858-4441-B487-A6B1C79B1451}.Debug|Any CPU.ActiveCfg = Debug|Any CPU
		{43376C43-C858-4441-B487-A6B1C79B1451}.Debug|Any CPU.Build.0 = Debug|Any CPU
		{43376C43-C858-4441-B487-A6B1C79B1451}.Release|Any CPU.ActiveCfg = Release|Any CPU
		{43376C43-C858-4441-B487-A6B1C79B1451}.Release|Any CPU.Build.0 = Release|Any CPU
		{D611A662-225C-40DD-9D67-80BBFE115CF1}.Debug|Any CPU.ActiveCfg = Debug|Any CPU
		{D611A662-225C-40DD-9D67-80BBFE115CF1}.Debug|Any CPU.Build.0 = Debug|Any CPU
		{D611A662-225C-40DD-9D67-80BBFE115CF1}.Release|Any CPU.ActiveCfg = Release|Any CPU
		{D611A662-225C-40DD-9D67-80BBFE115CF1}.Release|Any CPU.Build.0 = Release|Any CPU
	EndGlobalSection
	GlobalSection(SolutionProperties) = preSolution
		HideSolutionNode = FALSE
	EndGlobalSection
	GlobalSection(NestedProjects) = preSolution
		{E1F7CCA5-545B-4B6C-B7AD-7D09074A86C3} = {D4EB7686-EAEA-4321-8650-7AC2EFEAE195}
		{43376C43-C858-4441-B487-A6B1C79B1451} = {D4EB7686-EAEA-4321-8650-7AC2EFEAE195}
		{D611A662-225C-40DD-9D67-80BBFE115CF1} = {D4EB7686-EAEA-4321-8650-7AC2EFEAE195}
	EndGlobalSection
	GlobalSection(ExtensibilityGlobals) = postSolution
		SolutionGuid = {9313AE19-D829-406D-8C2F-C3E270F04ADB}
	EndGlobalSection
EndGlobal
